
Microsoft Visual Studio Solution File, Format Version 12.00
# Visual Studio Version 16
VisualStudioVersion = 16.0.31702.278
MinimumVisualStudioVersion = 10.0.40219.1
Project("{FAE04EC0-301F-11D3-BF4B-00C04F79EFBC}") = "fibonacci", "fibonacci.csproj", "{FB430E54-ABAB-4102-82F0-361BF334848D}"
EndProject
Global
	GlobalSection(SolutionConfigurationPlatforms) = preSolution
		Debug|Any CPU = Debug|Any CPU
		Release|Any CPU = Release|Any CPU
	EndGlobalSection
	GlobalSection(ProjectConfigurationPlatforms) = postSolution
		{FB430E54-ABAB-4102-82F0-361BF334848D}.Debug|Any CPU.ActiveCfg = Debug|Any CPU
		{FB430E54-ABAB-4102-82F0-361BF334848D}.Debug|Any CPU.Build.0 = Debug|Any CPU
		{FB430E54-ABAB-4102-82F0-361BF334848D}.Release|Any CPU.ActiveCfg = Release|Any CPU
		{FB430E54-ABAB-4102-82F0-361BF334848D}.Release|Any CPU.Build.0 = Release|Any CPU
	EndGlobalSection
	GlobalSection(SolutionProperties) = preSolution
		HideSolutionNode = FALSE
	EndGlobalSection
	GlobalSection(ExtensibilityGlobals) = postSolution
		SolutionGuid = {8EAFD84B-9067-43E1-9FDC-0FB908121BE1}
	EndGlobalSection
EndGlobal
